<?xml version="1.0" encoding="utf-8"?>
<Project ToolsVersion="4.0" xmlns="http://schemas.microsoft.com/developer/msbuild/2003">
  <ItemGroup>
    <Filter Include="Source Files">
      <UniqueIdentifier>{4FC737F1-C7A5-4376-A066-2A32D752A2FF}</UniqueIdentifier>
      <Extensions>cpp;c;cc;cxx;c++;cppm;ixx;def;odl;idl;hpj;bat;asm;asmx</Extensions>
    </Filter>
    <Filter Include="Header Files">
      <UniqueIdentifier>{93995380-89BD-4b04-88EB-625FBE52EBFB}</UniqueIdentifier>
      <Extensions>h;hh;hpp;hxx;h++;hm;inl;inc;ipp;xsd</Extensions>
    </Filter>
    <Filter Include="Resource Files">
      <UniqueIdentifier>{67DA6AB6-F800-4c08-8B7A-83BB121AAD01}</UniqueIdentifier>
      <Extensions>rc;ico;cur;bmp;dlg;rc2;rct;bin;rgs;gif;jpg;jpeg;jpe;resx;tiff;tif;png;wav;mfcribbon-ms</Extensions>
    </Filter>
    <Filter Include="Shaders">
      <UniqueIdentifier>{d47c892c-508c-4bd5-bcbf-e73c7c65e9cf}</UniqueIdentifier>
    </Filter>
    <Filter Include="Shaders\Triangle Shaders">
      <UniqueIdentifier>{7d5639f5-58e0-4e16-8691-c485685544a2}</UniqueIdentifier>
    </Filter>
    <Filter Include="Shaders\Paint Shaders">
      <UniqueIdentifier>{c353bde5-7cc5-461b-b9fc-72477cdcf505}</UniqueIdentifier>
    </Filter>
  </ItemGroup>
  <ItemGroup>
    <ClCompile Include="NPR-Group-Project.cpp">
      <Filter>Source Files</Filter>
    </ClCompile>
    <ClCompile Include="glad.c">
      <Filter>Source Files</Filter>
    </ClCompile>
    <ClCompile Include="Shader.cpp">
      <Filter>Source Files</Filter>
    </ClCompile>
    <ClCompile Include="Model.cpp">
      <Filter>Source Files</Filter>
    </ClCompile>
    <ClCompile Include="Mesh.cpp">
      <Filter>Source Files</Filter>
    </ClCompile>
    <ClCompile Include="DTriangle.cpp">
      <Filter>Source Files</Filter>
    </ClCompile>
    <ClCompile Include="Video.cpp">
      <Filter>Source Files</Filter>
    </ClCompile>
  </ItemGroup>
  <ItemGroup>
    <ClInclude Include="glad\glad.h">
      <Filter>Header Files</Filter>
    </ClInclude>
    <ClInclude Include="KHR\khrplatform.h">
      <Filter>Header Files</Filter>
    </ClInclude>
    <ClInclude Include="Shader.hpp">
      <Filter>Header Files</Filter>
    </ClInclude>
    <ClInclude Include="Model.hpp">
      <Filter>Header Files</Filter>
    </ClInclude>
    <ClInclude Include="Mesh.hpp">
      <Filter>Header Files</Filter>
    </ClInclude>
    <ClInclude Include="stb_image.h">
      <Filter>Header Files</Filter>
    </ClInclude>
    <ClInclude Include="Screen.hpp">
      <Filter>Header Files</Filter>
    </ClInclude>
    <ClInclude Include="stb_image_write.h">
      <Filter>Header Files</Filter>
    </ClInclude>
    <ClInclude Include="DTriangle.hpp">
      <Filter>Header Files</Filter>
    </ClInclude>
    <ClInclude Include="delaunator.hpp">
      <Filter>Header Files</Filter>
    </ClInclude>
    <ClInclude Include="vec2Hash.hpp">
      <Filter>Header Files</Filter>
    </ClInclude>
    <ClInclude Include="Video.hpp">
      <Filter>Header Files</Filter>
    </ClInclude>
  </ItemGroup>
  <ItemGroup>
    <None Include="packages.config" />
    <None Include="simple.vert">
      <Filter>Shaders</Filter>
    </None>
    <None Include="simple.frag">
      <Filter>Shaders</Filter>
    </None>
    <None Include="object.frag">
      <Filter>Shaders</Filter>
    </None>
    <None Include="object.vert">
      <Filter>Shaders</Filter>
    </None>
    <None Include="vertShader.glsl">
      <Filter>Shaders</Filter>
    </None>
    <None Include="normalFragShader.glsl">
      <Filter>Shaders</Filter>
    </None>
    <None Include="lineVertShader.glsl">
      <Filter>Shaders</Filter>
    </None>
    <None Include="lineFragShader.glsl">
      <Filter>Shaders</Filter>
    </None>
    <None Include="fragShader.glsl">
      <Filter>Shaders</Filter>
    </None>
    <None Include="depthFragShader.glsl">
      <Filter>Shaders</Filter>
    </None>
    <None Include="simpleVertShader.glsl">
      <Filter>Shaders</Filter>
    </None>
    <None Include="simpleFragShader.glsl">
      <Filter>Shaders</Filter>
    </None>
    <None Include="KuwaharaFragShader.glsl">
      <Filter>Shaders\Paint Shaders</Filter>
    </None>
    <None Include="KuwaharaVertShader.glsl">
      <Filter>Shaders\Paint Shaders</Filter>
    </None>
    <None Include="pointVertShader.glsl">
      <Filter>Shaders\Triangle Shaders</Filter>
    </None>
    <None Include="pointFragShader.glsl">
      <Filter>Shaders\Triangle Shaders</Filter>
    </None>
    <None Include="tempPointDisplayFragShader.glsl">
      <Filter>Shaders\Triangle Shaders</Filter>
    </None>
    <None Include="thirdFragShader.glsl">
      <Filter>Shaders\Triangle Shaders</Filter>
    </None>
    <None Include="thirdVertShader.glsl">
      <Filter>Shaders\Triangle Shaders</Filter>
    </None>
    <None Include="tempPointDisplayVertShader.glsl">
      <Filter>Shaders\Triangle Shaders</Filter>
    </None>
    <None Include="sobelFragShader.glsl">
      <Filter>Shaders</Filter>
    </None>
    <None Include="sobelVertShader.glsl">
      <Filter>Shaders</Filter>
    </None>
    <None Include="DerivativeFragShader.glsl">
      <Filter>Shaders\Paint Shaders</Filter>
    </None>
    <None Include="GaussianBlurFragShader.glsl">
      <Filter>Shaders\Paint Shaders</Filter>
    </None>
    <None Include="LaplacianFragShader.glsl">
      <Filter>Shaders\Paint Shaders</Filter>
    </None>
    <None Include="etfFragShader.glsl">
      <Filter>Shaders\Paint Shaders</Filter>
    </None>
    <None Include="BasicColorFragShader.glsl">
      <Filter>Shaders\Paint Shaders</Filter>
    </None>
  </ItemGroup>
</Project>